<?xml version="1.0" encoding="UTF-8"?>
<Project ToolsVersion="14.0" xmlns="http://schemas.microsoft.com/developer/msbuild/2003">
  <ItemGroup>
    <ClCompile Include="C:\git\pgvd\viewer\gl_utils.cpp">
      <Filter>Source Files</Filter>
    </ClCompile>
    <ClCompile Include="C:\git\pgvd\viewer\Octree2.cpp">
      <Filter>Source Files</Filter>
    </ClCompile>
    <ClCompile Include="C:\git\pgvd\Karras.cpp">
      <Filter>Source Files</Filter>
    </ClCompile>
    <ClCompile Include="C:\git\pgvd\OctreeUtils.cpp">
      <Filter>Source Files</Filter>
    </ClCompile>
    <ClCompile Include="C:\git\pgvd\C\BuildOctree.c">
      <Filter>Source Files</Filter>
    </ClCompile>
    <ClCompile Include="C:\git\pgvd\C\BigUnsigned.c">
      <Filter>Source Files</Filter>
    </ClCompile>
    <ClCompile Include="C:\git\pgvd\opencl\Geom.cpp">
      <Filter>Source Files</Filter>
    </ClCompile>
    <ClCompile Include="C:\git\pgvd\opencl\CLWrapper\CLWrapper_Initializers.cpp">
      <Filter>Source Files</Filter>
    </ClCompile>
    <ClCompile Include="C:\git\pgvd\opencl\CLWrapper\CLWrapper_Kernels.cpp">
      <Filter>Source Files</Filter>
    </ClCompile>
    <ClCompile Include="C:\git\pgvd\opencl\Kernels\KernelBox.cpp">
      <Filter>Source Files</Filter>
    </ClCompile>
    <ClCompile Include="C:\git\pgvd\Options.cpp">
      <Filter>Source Files</Filter>
    </ClCompile>
    <ClCompile Include="C:\git\pgvd\viewer\main_pgvd2.cpp">
      <Filter>Source Files</Filter>
    </ClCompile>
  </ItemGroup>
  <ItemGroup>
    <CustomBuild Include="C:\git\pgvd\CMakeLists.txt" />
  </ItemGroup>
  <ItemGroup>
    <Filter Include="Source Files">
      <UniqueIdentifier>{254D5CAA-A89E-3293-8981-3BE2060B24D7}</UniqueIdentifier>
    </Filter>
  </ItemGroup>
</Project>
