<?xml version="1.0" encoding="UTF-8"?>
<Project ToolsVersion="14.0" xmlns="http://schemas.microsoft.com/developer/msbuild/2003">
  <ItemGroup>
    <CustomBuild Include="C:\git\pgvd\pgvdBuild\CMakeFiles\c1649d14c5fc0fd89e98e55425980363\generate.stamp.rule">
      <Filter>CMake Rules</Filter>
    </CustomBuild>
  </ItemGroup>
  <ItemGroup>
    <Filter Include="CMake Rules">
      <UniqueIdentifier>{1527B1C2-1DED-307E-B29B-D39C50F60827}</UniqueIdentifier>
    </Filter>
  </ItemGroup>
</Project>
