Microsoft Visual Studio Solution File, Format Version 12.00
# Visual Studio 14
Project("{8BC9CEB8-8B4A-11D0-8D11-00A0C91BC942}") = "ALL_BUILD", "ALL_BUILD.vcxproj", "{4F1CB64C-E577-31EC-B83E-69EC109D9E4F}"
	ProjectSection(ProjectDependencies) = postProject
		{D82F13E7-A08B-3913-A2C4-95A41CC3B0BD} = {D82F13E7-A08B-3913-A2C4-95A41CC3B0BD}
		{FDD640FA-9A34-389A-B053-86C935760718} = {FDD640FA-9A34-389A-B053-86C935760718}
	EndProjectSection
EndProject
Project("{8BC9CEB8-8B4A-11D0-8D11-00A0C91BC942}") = "ZERO_CHECK", "..\\ZERO_CHECK.vcxproj", "{D82F13E7-A08B-3913-A2C4-95A41CC3B0BD}"
	ProjectSection(ProjectDependencies) = postProject
	EndProjectSection
EndProject
Project("{8BC9CEB8-8B4A-11D0-8D11-00A0C91BC942}") = "glfw", "src\glfw.vcxproj", "{FDD640FA-9A34-389A-B053-86C935760718}"
	ProjectSection(ProjectDependencies) = postProject
		{D82F13E7-A08B-3913-A2C4-95A41CC3B0BD} = {D82F13E7-A08B-3913-A2C4-95A41CC3B0BD}
	EndProjectSection
EndProject
Project("{2150E333-8FDC-42A3-9474-1A3956D46DE8}") = "CMakePredefinedTargets", "CMakePredefinedTargets", "{41678C7B-7F97-388B-957F-42DE6A6E4EB0}"
EndProject
Project("{2150E333-8FDC-42A3-9474-1A3956D46DE8}") = "GLFW3", "GLFW3", "{57BA7935-AD8B-3D08-B3DA-5878DEC04FD4}"
EndProject
Global
	GlobalSection(SolutionConfigurationPlatforms) = preSolution
		Debug|Win32 = Debug|Win32
		Release|Win32 = Release|Win32
		MinSizeRel|Win32 = MinSizeRel|Win32
		RelWithDebInfo|Win32 = RelWithDebInfo|Win32
	EndGlobalSection
	GlobalSection(ProjectConfigurationPlatforms) = postSolution
		{4F1CB64C-E577-31EC-B83E-69EC109D9E4F}.Debug|Win32.ActiveCfg = Debug|Win32
		{4F1CB64C-E577-31EC-B83E-69EC109D9E4F}.Release|Win32.ActiveCfg = Release|Win32
		{4F1CB64C-E577-31EC-B83E-69EC109D9E4F}.MinSizeRel|Win32.ActiveCfg = MinSizeRel|Win32
		{4F1CB64C-E577-31EC-B83E-69EC109D9E4F}.RelWithDebInfo|Win32.ActiveCfg = RelWithDebInfo|Win32
		{D82F13E7-A08B-3913-A2C4-95A41CC3B0BD}.Debug|Win32.ActiveCfg = Debug|Win32
		{D82F13E7-A08B-3913-A2C4-95A41CC3B0BD}.Debug|Win32.Build.0 = Debug|Win32
		{D82F13E7-A08B-3913-A2C4-95A41CC3B0BD}.Release|Win32.ActiveCfg = Release|Win32
		{D82F13E7-A08B-3913-A2C4-95A41CC3B0BD}.Release|Win32.Build.0 = Release|Win32
		{D82F13E7-A08B-3913-A2C4-95A41CC3B0BD}.MinSizeRel|Win32.ActiveCfg = MinSizeRel|Win32
		{D82F13E7-A08B-3913-A2C4-95A41CC3B0BD}.MinSizeRel|Win32.Build.0 = MinSizeRel|Win32
		{D82F13E7-A08B-3913-A2C4-95A41CC3B0BD}.RelWithDebInfo|Win32.ActiveCfg = RelWithDebInfo|Win32
		{D82F13E7-A08B-3913-A2C4-95A41CC3B0BD}.RelWithDebInfo|Win32.Build.0 = RelWithDebInfo|Win32
		{FDD640FA-9A34-389A-B053-86C935760718}.Debug|Win32.ActiveCfg = Debug|Win32
		{FDD640FA-9A34-389A-B053-86C935760718}.Debug|Win32.Build.0 = Debug|Win32
		{FDD640FA-9A34-389A-B053-86C935760718}.Release|Win32.ActiveCfg = Release|Win32
		{FDD640FA-9A34-389A-B053-86C935760718}.Release|Win32.Build.0 = Release|Win32
		{FDD640FA-9A34-389A-B053-86C935760718}.MinSizeRel|Win32.ActiveCfg = MinSizeRel|Win32
		{FDD640FA-9A34-389A-B053-86C935760718}.MinSizeRel|Win32.Build.0 = MinSizeRel|Win32
		{FDD640FA-9A34-389A-B053-86C935760718}.RelWithDebInfo|Win32.ActiveCfg = RelWithDebInfo|Win32
		{FDD640FA-9A34-389A-B053-86C935760718}.RelWithDebInfo|Win32.Build.0 = RelWithDebInfo|Win32
	EndGlobalSection
	GlobalSection(NestedProjects) = preSolution
		{D82F13E7-A08B-3913-A2C4-95A41CC3B0BD} = {41678C7B-7F97-388B-957F-42DE6A6E4EB0}
		{FDD640FA-9A34-389A-B053-86C935760718} = {57BA7935-AD8B-3D08-B3DA-5878DEC04FD4}
	EndGlobalSection
	GlobalSection(ExtensibilityGlobals) = postSolution
	EndGlobalSection
	GlobalSection(ExtensibilityAddIns) = postSolution
	EndGlobalSection
EndGlobal
